
Microsoft Visual Studio Solution File, Format Version 12.00
# Visual Studio 11
Project("{FAE04EC0-301F-11D3-BF4B-00C04F79EFBC}") = "FunctionSafer.Legacy", "archive\FunctionSafer.Legacy\FunctionSafer.Legacy.csproj", "{794F9130-423D-45DB-B530-53B45E973CAE}"
EndProject
Project("{2150E333-8FDC-42A3-9474-1A3956D46DE8}") = "archive", "archive", "{5F4A83AA-E1E9-42B3-BB3D-47672CEAEEA0}"
EndProject
Project("{2150E333-8FDC-42A3-9474-1A3956D46DE8}") = "src", "src", "{31151736-A4DE-4401-A5F3-6E44D5153DBF}"
EndProject
Project("{2150E333-8FDC-42A3-9474-1A3956D46DE8}") = "test", "test", "{6D227879-C464-4BAE-8509-8E7EA09290F6}"
EndProject
Project("{FAE04EC0-301F-11D3-BF4B-00C04F79EFBC}") = "FunctionSafer.Tests", "test\FunctionSafer.Tests\FunctionSafer.Tests.csproj", "{D6277BE1-84D6-4E28-94B8-001A70B98C9F}"
EndProject
Project("{FAE04EC0-301F-11D3-BF4B-00C04F79EFBC}") = "FunctionSafer.Domain", "src\FunctionSafer.Domain\FunctionSafer.Domain.csproj", "{9E174FD1-3FF4-49DC-83D3-AD76DD417207}"
EndProject
Global
	GlobalSection(SolutionConfigurationPlatforms) = preSolution
		Debug|Any CPU = Debug|Any CPU
		Debug|x64 = Debug|x64
		Debug|x86 = Debug|x86
		Release|Any CPU = Release|Any CPU
		Release|x64 = Release|x64
		Release|x86 = Release|x86
	EndGlobalSection
	GlobalSection(ProjectConfigurationPlatforms) = postSolution
		{794F9130-423D-45DB-B530-53B45E973CAE}.Debug|Any CPU.ActiveCfg = Debug|Any CPU
		{794F9130-423D-45DB-B530-53B45E973CAE}.Debug|x64.ActiveCfg = Debug|Any CPU
		{794F9130-423D-45DB-B530-53B45E973CAE}.Debug|x64.Build.0 = Debug|Any CPU
		{794F9130-423D-45DB-B530-53B45E973CAE}.Debug|x86.ActiveCfg = Debug|Any CPU
		{794F9130-423D-45DB-B530-53B45E973CAE}.Debug|x86.Build.0 = Debug|Any CPU
		{794F9130-423D-45DB-B530-53B45E973CAE}.Release|Any CPU.ActiveCfg = Release|Any CPU
		{794F9130-423D-45DB-B530-53B45E973CAE}.Release|x64.ActiveCfg = Release|Any CPU
		{794F9130-423D-45DB-B530-53B45E973CAE}.Release|x64.Build.0 = Release|Any CPU
		{794F9130-423D-45DB-B530-53B45E973CAE}.Release|x86.ActiveCfg = Release|Any CPU
		{794F9130-423D-45DB-B530-53B45E973CAE}.Release|x86.Build.0 = Release|Any CPU
		{D6277BE1-84D6-4E28-94B8-001A70B98C9F}.Debug|Any CPU.ActiveCfg = Debug|Any CPU
		{D6277BE1-84D6-4E28-94B8-001A70B98C9F}.Debug|Any CPU.Build.0 = Debug|Any CPU
		{D6277BE1-84D6-4E28-94B8-001A70B98C9F}.Debug|x64.ActiveCfg = Debug|Any CPU
		{D6277BE1-84D6-4E28-94B8-001A70B98C9F}.Debug|x64.Build.0 = Debug|Any CPU
		{D6277BE1-84D6-4E28-94B8-001A70B98C9F}.Debug|x86.ActiveCfg = Debug|Any CPU
		{D6277BE1-84D6-4E28-94B8-001A70B98C9F}.Debug|x86.Build.0 = Debug|Any CPU
		{D6277BE1-84D6-4E28-94B8-001A70B98C9F}.Release|Any CPU.ActiveCfg = Release|Any CPU
		{D6277BE1-84D6-4E28-94B8-001A70B98C9F}.Release|Any CPU.Build.0 = Release|Any CPU
		{D6277BE1-84D6-4E28-94B8-001A70B98C9F}.Release|x64.ActiveCfg = Release|Any CPU
		{D6277BE1-84D6-4E28-94B8-001A70B98C9F}.Release|x64.Build.0 = Release|Any CPU
		{D6277BE1-84D6-4E28-94B8-001A70B98C9F}.Release|x86.ActiveCfg = Release|Any CPU
		{D6277BE1-84D6-4E28-94B8-001A70B98C9F}.Release|x86.Build.0 = Release|Any CPU
		{9E174FD1-3FF4-49DC-83D3-AD76DD417207}.Debug|Any CPU.ActiveCfg = Debug|Any CPU
		{9E174FD1-3FF4-49DC-83D3-AD76DD417207}.Debug|Any CPU.Build.0 = Debug|Any CPU
		{9E174FD1-3FF4-49DC-83D3-AD76DD417207}.Debug|x64.ActiveCfg = Debug|Any CPU
		{9E174FD1-3FF4-49DC-83D3-AD76DD417207}.Debug|x64.Build.0 = Debug|Any CPU
		{9E174FD1-3FF4-49DC-83D3-AD76DD417207}.Debug|x86.ActiveCfg = Debug|Any CPU
		{9E174FD1-3FF4-49DC-83D3-AD76DD417207}.Debug|x86.Build.0 = Debug|Any CPU
		{9E174FD1-3FF4-49DC-83D3-AD76DD417207}.Release|Any CPU.ActiveCfg = Release|Any CPU
		{9E174FD1-3FF4-49DC-83D3-AD76DD417207}.Release|Any CPU.Build.0 = Release|Any CPU
		{9E174FD1-3FF4-49DC-83D3-AD76DD417207}.Release|x64.ActiveCfg = Release|Any CPU
		{9E174FD1-3FF4-49DC-83D3-AD76DD417207}.Release|x64.Build.0 = Release|Any CPU
		{9E174FD1-3FF4-49DC-83D3-AD76DD417207}.Release|x86.ActiveCfg = Release|Any CPU
		{9E174FD1-3FF4-49DC-83D3-AD76DD417207}.Release|x86.Build.0 = Release|Any CPU
	EndGlobalSection
	GlobalSection(SolutionProperties) = preSolution
		HideSolutionNode = FALSE
	EndGlobalSection
	GlobalSection(NestedProjects) = preSolution
		{794F9130-423D-45DB-B530-53B45E973CAE} = {5F4A83AA-E1E9-42B3-BB3D-47672CEAEEA0}
		{D6277BE1-84D6-4E28-94B8-001A70B98C9F} = {6D227879-C464-4BAE-8509-8E7EA09290F6}
		{9E174FD1-3FF4-49DC-83D3-AD76DD417207} = {31151736-A4DE-4401-A5F3-6E44D5153DBF}
	EndGlobalSection
EndGlobal
