
Microsoft Visual Studio Solution File, Format Version 12.00
# Visual Studio 11
Project("{FAE04EC0-301F-11D3-BF4B-00C04F79EFBC}") = "FunctionSafer.Legacy", "archive\FunctionSafer.Legacy\FunctionSafer.Legacy.csproj", "{794F9130-423D-45DB-B530-53B45E973CAE}"
EndProject
Project("{2150E333-8FDC-42A3-9474-1A3956D46DE8}") = "archive", "archive", "{5F4A83AA-E1E9-42B3-BB3D-47672CEAEEA0}"
EndProject
Global
	GlobalSection(SolutionConfigurationPlatforms) = preSolution
		Debug|Any CPU = Debug|Any CPU
		Release|Any CPU = Release|Any CPU
	EndGlobalSection
	GlobalSection(ProjectConfigurationPlatforms) = postSolution
		{794F9130-423D-45DB-B530-53B45E973CAE}.Debug|Any CPU.ActiveCfg = Debug|Any CPU
		{794F9130-423D-45DB-B530-53B45E973CAE}.Release|Any CPU.ActiveCfg = Release|Any CPU
	EndGlobalSection
	GlobalSection(SolutionProperties) = preSolution
		HideSolutionNode = FALSE
	EndGlobalSection
	GlobalSection(NestedProjects) = preSolution
		{794F9130-423D-45DB-B530-53B45E973CAE} = {5F4A83AA-E1E9-42B3-BB3D-47672CEAEEA0}
	EndGlobalSection
EndGlobal
